// !$*UTF8*$!
{
	archiveVersion = 1;
	classes = {
	};
	objectVersion = 51;
	objects = {

/* Begin PBXBuildFile section */
		66BB6B82D1E5FA01FED4AAE0 /* Pods_ToDoList.framework in Frameworks */ = {isa = PBXBuildFile; fileRef = A2C64161B9653AC056B5C464 /* Pods_ToDoList.framework */; };
		86030C03260C9C2F00F3CB1E /* DatabaseService.swift in Sources */ = {isa = PBXBuildFile; fileRef = 86030C02260C9C2F00F3CB1E /* DatabaseService.swift */; };
		86030C1B260CA98C00F3CB1E /* SectionListViewController.swift in Sources */ = {isa = PBXBuildFile; fileRef = 86030C1A260CA98C00F3CB1E /* SectionListViewController.swift */; };
		86030C21260CAA1B00F3CB1E /* SectionTableViewCell.swift in Sources */ = {isa = PBXBuildFile; fileRef = 86030C1F260CAA1B00F3CB1E /* SectionTableViewCell.swift */; };
		86030C22260CAA1B00F3CB1E /* SectionTableViewCell.xib in Resources */ = {isa = PBXBuildFile; fileRef = 86030C20260CAA1B00F3CB1E /* SectionTableViewCell.xib */; };
		86030C27260CF6DD00F3CB1E /* SectionListModel.swift in Sources */ = {isa = PBXBuildFile; fileRef = 86030C26260CF6DD00F3CB1E /* SectionListModel.swift */; };
		86030C2A260D257100F3CB1E /* CreatingSectionViewController.swift in Sources */ = {isa = PBXBuildFile; fileRef = 86030C29260D257100F3CB1E /* CreatingSectionViewController.swift */; };
		86030C51260DE3F800F3CB1E /* UserDefaults+Extension.swift in Sources */ = {isa = PBXBuildFile; fileRef = 86030C50260DE3F800F3CB1E /* UserDefaults+Extension.swift */; };
		861789DA2614D9090082B084 /* UIColor+Extension.swift in Sources */ = {isa = PBXBuildFile; fileRef = 861789D92614D9090082B084 /* UIColor+Extension.swift */; };
		861789FD2615E4FC0082B084 /* ColorCollectionViewCell.swift in Sources */ = {isa = PBXBuildFile; fileRef = 861789FB2615E4FC0082B084 /* ColorCollectionViewCell.swift */; };
		861789FE2615E4FC0082B084 /* ColorCollectionViewCell.xib in Resources */ = {isa = PBXBuildFile; fileRef = 861789FC2615E4FC0082B084 /* ColorCollectionViewCell.xib */; };
		864B15B726020DC30017E6C9 /* AppDelegate.swift in Sources */ = {isa = PBXBuildFile; fileRef = 864B15B626020DC30017E6C9 /* AppDelegate.swift */; };
		864B15B926020DC30017E6C9 /* SceneDelegate.swift in Sources */ = {isa = PBXBuildFile; fileRef = 864B15B826020DC30017E6C9 /* SceneDelegate.swift */; };
		864B15BB26020DC30017E6C9 /* TaskListViewController.swift in Sources */ = {isa = PBXBuildFile; fileRef = 864B15BA26020DC30017E6C9 /* TaskListViewController.swift */; };
		864B15BE26020DC30017E6C9 /* Main.storyboard in Resources */ = {isa = PBXBuildFile; fileRef = 864B15BC26020DC30017E6C9 /* Main.storyboard */; };
		864B15C026020DC60017E6C9 /* Assets.xcassets in Resources */ = {isa = PBXBuildFile; fileRef = 864B15BF26020DC60017E6C9 /* Assets.xcassets */; };
		864B15C326020DC60017E6C9 /* LaunchScreen.storyboard in Resources */ = {isa = PBXBuildFile; fileRef = 864B15C126020DC60017E6C9 /* LaunchScreen.storyboard */; };
		866242822636D2B800BF44B5 /* Constants.swift in Sources */ = {isa = PBXBuildFile; fileRef = 866242812636D2B800BF44B5 /* Constants.swift */; };
		866242872636EC2700BF44B5 /* UISwipeActionsConfiguration+Extension.swift in Sources */ = {isa = PBXBuildFile; fileRef = 866242862636EC2700BF44B5 /* UISwipeActionsConfiguration+Extension.swift */; };
		866242A32637075F00BF44B5 /* ClassNameExtension.swift in Sources */ = {isa = PBXBuildFile; fileRef = 866242A22637075F00BF44B5 /* ClassNameExtension.swift */; };
		866242A62637081A00BF44B5 /* UITableView+Extension.swift in Sources */ = {isa = PBXBuildFile; fileRef = 866242A52637081A00BF44B5 /* UITableView+Extension.swift */; };
		866242AB26381A2D00BF44B5 /* NSStringAttributes+Extension.swift in Sources */ = {isa = PBXBuildFile; fileRef = 866242AA26381A2D00BF44B5 /* NSStringAttributes+Extension.swift */; };
		866242AE26381A5000BF44B5 /* String+Extension.swift in Sources */ = {isa = PBXBuildFile; fileRef = 866242AD26381A5000BF44B5 /* String+Extension.swift */; };
		866242B126381BFC00BF44B5 /* TextStyle.swift in Sources */ = {isa = PBXBuildFile; fileRef = 866242B026381BFC00BF44B5 /* TextStyle.swift */; };
		866705EF2608C3100044F8AA /* UIImage+Extension.swift in Sources */ = {isa = PBXBuildFile; fileRef = 866705EE2608C3100044F8AA /* UIImage+Extension.swift */; };
		866705F52609F6BE0044F8AA /* DataModel.swift in Sources */ = {isa = PBXBuildFile; fileRef = 866705F42609F6BE0044F8AA /* DataModel.swift */; };
		866705FB260A11430044F8AA /* RadioButton.swift in Sources */ = {isa = PBXBuildFile; fileRef = 866705FA260A11430044F8AA /* RadioButton.swift */; };
		8672133026384CF800353B86 /* UITextView+Extension.swift in Sources */ = {isa = PBXBuildFile; fileRef = 8672132F26384CF800353B86 /* UITextView+Extension.swift */; };
		8672133326385D5100353B86 /* TaskListModel.swift in Sources */ = {isa = PBXBuildFile; fileRef = 8672133226385D5100353B86 /* TaskListModel.swift */; };
		86B705852602465F00008C23 /* TaskTableViewCell.swift in Sources */ = {isa = PBXBuildFile; fileRef = 86B705832602465F00008C23 /* TaskTableViewCell.swift */; };
		86B705862602465F00008C23 /* TaskTableViewCell.xib in Resources */ = {isa = PBXBuildFile; fileRef = 86B705842602465F00008C23 /* TaskTableViewCell.xib */; };
		86B7058D26036BEE00008C23 /* UIView+Extension.swift in Sources */ = {isa = PBXBuildFile; fileRef = 86B7058C26036BEE00008C23 /* UIView+Extension.swift */; };
		86B705AA2603A21200008C23 /* TaskPopupViewController.swift in Sources */ = {isa = PBXBuildFile; fileRef = 86B705A92603A21200008C23 /* TaskPopupViewController.swift */; };
/* End PBXBuildFile section */

/* Begin PBXFileReference section */
		21D9CD817E822D3F038C20B2 /* Pods-ToDoList.debug.xcconfig */ = {isa = PBXFileReference; includeInIndex = 1; lastKnownFileType = text.xcconfig; name = "Pods-ToDoList.debug.xcconfig"; path = "Target Support Files/Pods-ToDoList/Pods-ToDoList.debug.xcconfig"; sourceTree = "<group>"; };
		6F3AD507BBEBB6DB1E97ED44 /* Pods-ToDoList.release.xcconfig */ = {isa = PBXFileReference; includeInIndex = 1; lastKnownFileType = text.xcconfig; name = "Pods-ToDoList.release.xcconfig"; path = "Target Support Files/Pods-ToDoList/Pods-ToDoList.release.xcconfig"; sourceTree = "<group>"; };
		86030C02260C9C2F00F3CB1E /* DatabaseService.swift */ = {isa = PBXFileReference; lastKnownFileType = sourcecode.swift; path = DatabaseService.swift; sourceTree = "<group>"; };
		86030C1A260CA98C00F3CB1E /* SectionListViewController.swift */ = {isa = PBXFileReference; lastKnownFileType = sourcecode.swift; path = SectionListViewController.swift; sourceTree = "<group>"; };
		86030C1F260CAA1B00F3CB1E /* SectionTableViewCell.swift */ = {isa = PBXFileReference; lastKnownFileType = sourcecode.swift; path = SectionTableViewCell.swift; sourceTree = "<group>"; };
		86030C20260CAA1B00F3CB1E /* SectionTableViewCell.xib */ = {isa = PBXFileReference; lastKnownFileType = file.xib; path = SectionTableViewCell.xib; sourceTree = "<group>"; };
		86030C26260CF6DD00F3CB1E /* SectionListModel.swift */ = {isa = PBXFileReference; lastKnownFileType = sourcecode.swift; path = SectionListModel.swift; sourceTree = "<group>"; };
		86030C29260D257100F3CB1E /* CreatingSectionViewController.swift */ = {isa = PBXFileReference; lastKnownFileType = sourcecode.swift; path = CreatingSectionViewController.swift; sourceTree = "<group>"; };
		86030C50260DE3F800F3CB1E /* UserDefaults+Extension.swift */ = {isa = PBXFileReference; lastKnownFileType = sourcecode.swift; path = "UserDefaults+Extension.swift"; sourceTree = "<group>"; };
		861789D92614D9090082B084 /* UIColor+Extension.swift */ = {isa = PBXFileReference; lastKnownFileType = sourcecode.swift; path = "UIColor+Extension.swift"; sourceTree = "<group>"; };
		861789FB2615E4FC0082B084 /* ColorCollectionViewCell.swift */ = {isa = PBXFileReference; lastKnownFileType = sourcecode.swift; path = ColorCollectionViewCell.swift; sourceTree = "<group>"; };
		861789FC2615E4FC0082B084 /* ColorCollectionViewCell.xib */ = {isa = PBXFileReference; lastKnownFileType = file.xib; path = ColorCollectionViewCell.xib; sourceTree = "<group>"; };
		864B15B326020DC30017E6C9 /* ToDoList.app */ = {isa = PBXFileReference; explicitFileType = wrapper.application; includeInIndex = 0; path = ToDoList.app; sourceTree = BUILT_PRODUCTS_DIR; };
		864B15B626020DC30017E6C9 /* AppDelegate.swift */ = {isa = PBXFileReference; lastKnownFileType = sourcecode.swift; path = AppDelegate.swift; sourceTree = "<group>"; };
		864B15B826020DC30017E6C9 /* SceneDelegate.swift */ = {isa = PBXFileReference; lastKnownFileType = sourcecode.swift; path = SceneDelegate.swift; sourceTree = "<group>"; };
		864B15BA26020DC30017E6C9 /* TaskListViewController.swift */ = {isa = PBXFileReference; lastKnownFileType = sourcecode.swift; path = TaskListViewController.swift; sourceTree = "<group>"; };
		864B15BD26020DC30017E6C9 /* Base */ = {isa = PBXFileReference; lastKnownFileType = file.storyboard; name = Base; path = Base.lproj/Main.storyboard; sourceTree = "<group>"; };
		864B15BF26020DC60017E6C9 /* Assets.xcassets */ = {isa = PBXFileReference; lastKnownFileType = folder.assetcatalog; path = Assets.xcassets; sourceTree = "<group>"; };
		864B15C226020DC60017E6C9 /* Base */ = {isa = PBXFileReference; lastKnownFileType = file.storyboard; name = Base; path = Base.lproj/LaunchScreen.storyboard; sourceTree = "<group>"; };
		864B15C426020DC60017E6C9 /* Info.plist */ = {isa = PBXFileReference; lastKnownFileType = text.plist.xml; path = Info.plist; sourceTree = "<group>"; };
		866242812636D2B800BF44B5 /* Constants.swift */ = {isa = PBXFileReference; lastKnownFileType = sourcecode.swift; path = Constants.swift; sourceTree = "<group>"; };
		866242862636EC2700BF44B5 /* UISwipeActionsConfiguration+Extension.swift */ = {isa = PBXFileReference; lastKnownFileType = sourcecode.swift; path = "UISwipeActionsConfiguration+Extension.swift"; sourceTree = "<group>"; };
		866242A22637075F00BF44B5 /* ClassNameExtension.swift */ = {isa = PBXFileReference; lastKnownFileType = sourcecode.swift; path = ClassNameExtension.swift; sourceTree = "<group>"; };
		866242A52637081A00BF44B5 /* UITableView+Extension.swift */ = {isa = PBXFileReference; lastKnownFileType = sourcecode.swift; path = "UITableView+Extension.swift"; sourceTree = "<group>"; };
		866242AA26381A2D00BF44B5 /* NSStringAttributes+Extension.swift */ = {isa = PBXFileReference; lastKnownFileType = sourcecode.swift; path = "NSStringAttributes+Extension.swift"; sourceTree = "<group>"; };
		866242AD26381A5000BF44B5 /* String+Extension.swift */ = {isa = PBXFileReference; lastKnownFileType = sourcecode.swift; path = "String+Extension.swift"; sourceTree = "<group>"; };
		866242B026381BFC00BF44B5 /* TextStyle.swift */ = {isa = PBXFileReference; lastKnownFileType = sourcecode.swift; path = TextStyle.swift; sourceTree = "<group>"; };
		866705EE2608C3100044F8AA /* UIImage+Extension.swift */ = {isa = PBXFileReference; lastKnownFileType = sourcecode.swift; path = "UIImage+Extension.swift"; sourceTree = "<group>"; };
		866705F42609F6BE0044F8AA /* DataModel.swift */ = {isa = PBXFileReference; lastKnownFileType = sourcecode.swift; path = DataModel.swift; sourceTree = "<group>"; };
		866705FA260A11430044F8AA /* RadioButton.swift */ = {isa = PBXFileReference; lastKnownFileType = sourcecode.swift; path = RadioButton.swift; sourceTree = "<group>"; };
		8672132F26384CF800353B86 /* UITextView+Extension.swift */ = {isa = PBXFileReference; lastKnownFileType = sourcecode.swift; path = "UITextView+Extension.swift"; sourceTree = "<group>"; };
		8672133226385D5100353B86 /* TaskListModel.swift */ = {isa = PBXFileReference; lastKnownFileType = sourcecode.swift; path = TaskListModel.swift; sourceTree = "<group>"; };
		86B705832602465F00008C23 /* TaskTableViewCell.swift */ = {isa = PBXFileReference; lastKnownFileType = sourcecode.swift; path = TaskTableViewCell.swift; sourceTree = "<group>"; };
		86B705842602465F00008C23 /* TaskTableViewCell.xib */ = {isa = PBXFileReference; lastKnownFileType = file.xib; path = TaskTableViewCell.xib; sourceTree = "<group>"; };
		86B7058C26036BEE00008C23 /* UIView+Extension.swift */ = {isa = PBXFileReference; lastKnownFileType = sourcecode.swift; path = "UIView+Extension.swift"; sourceTree = "<group>"; };
		86B705A92603A21200008C23 /* TaskPopupViewController.swift */ = {isa = PBXFileReference; lastKnownFileType = sourcecode.swift; path = TaskPopupViewController.swift; sourceTree = "<group>"; };
		A2C64161B9653AC056B5C464 /* Pods_ToDoList.framework */ = {isa = PBXFileReference; explicitFileType = wrapper.framework; includeInIndex = 0; path = Pods_ToDoList.framework; sourceTree = BUILT_PRODUCTS_DIR; };
/* End PBXFileReference section */

/* Begin PBXFrameworksBuildPhase section */
		864B15B026020DC30017E6C9 /* Frameworks */ = {
			isa = PBXFrameworksBuildPhase;
			buildActionMask = 2147483647;
			files = (
				66BB6B82D1E5FA01FED4AAE0 /* Pods_ToDoList.framework in Frameworks */,
			);
			runOnlyForDeploymentPostprocessing = 0;
		};
/* End PBXFrameworksBuildPhase section */

/* Begin PBXGroup section */
		86030C05260C9C3400F3CB1E /* Service */ = {
			isa = PBXGroup;
			children = (
				86030C02260C9C2F00F3CB1E /* DatabaseService.swift */,
			);
			path = Service;
			sourceTree = "<group>";
		};
		86030C1D260CA99600F3CB1E /* SectionList */ = {
			isa = PBXGroup;
			children = (
				86030C26260CF6DD00F3CB1E /* SectionListModel.swift */,
				86030C1A260CA98C00F3CB1E /* SectionListViewController.swift */,
				86030C24260CAA2400F3CB1E /* Cell */,
			);
			path = SectionList;
			sourceTree = "<group>";
		};
		86030C24260CAA2400F3CB1E /* Cell */ = {
			isa = PBXGroup;
			children = (
				86030C1F260CAA1B00F3CB1E /* SectionTableViewCell.swift */,
				86030C20260CAA1B00F3CB1E /* SectionTableViewCell.xib */,
			);
			path = Cell;
			sourceTree = "<group>";
		};
		86030C2F260D257C00F3CB1E /* CreatingSection */ = {
			isa = PBXGroup;
			children = (
				86030C29260D257100F3CB1E /* CreatingSectionViewController.swift */,
				86178A002615E5090082B084 /* Cell */,
			);
			path = CreatingSection;
			sourceTree = "<group>";
		};
		86178A002615E5090082B084 /* Cell */ = {
			isa = PBXGroup;
			children = (
				861789FB2615E4FC0082B084 /* ColorCollectionViewCell.swift */,
				861789FC2615E4FC0082B084 /* ColorCollectionViewCell.xib */,
			);
			path = Cell;
			sourceTree = "<group>";
		};
		864B15AA26020DC30017E6C9 = {
			isa = PBXGroup;
			children = (
				864B15B526020DC30017E6C9 /* ToDoList */,
				864B15B426020DC30017E6C9 /* Products */,
				C0C1B147489E694833DE36C4 /* Pods */,
				B79EB9528F55D649D89C3D50 /* Frameworks */,
			);
			sourceTree = "<group>";
		};
		864B15B426020DC30017E6C9 /* Products */ = {
			isa = PBXGroup;
			children = (
				864B15B326020DC30017E6C9 /* ToDoList.app */,
			);
			name = Products;
			sourceTree = "<group>";
		};
		864B15B526020DC30017E6C9 /* ToDoList */ = {
			isa = PBXGroup;
			children = (
				864B15B626020DC30017E6C9 /* AppDelegate.swift */,
				864B15B826020DC30017E6C9 /* SceneDelegate.swift */,
				864B15BC26020DC30017E6C9 /* Main.storyboard */,
				866705FA260A11430044F8AA /* RadioButton.swift */,
				866705F72609F7860044F8AA /* Models */,
				86030C1D260CA99600F3CB1E /* SectionList */,
				86B705802602430300008C23 /* TaskList */,
				86030C2F260D257C00F3CB1E /* CreatingSection */,
				86030C05260C9C3400F3CB1E /* Service */,
				866242842636E72400BF44B5 /* Settings */,
				86B7058F26036C2200008C23 /* Extension */,
				864B15BF26020DC60017E6C9 /* Assets.xcassets */,
				864B15C126020DC60017E6C9 /* LaunchScreen.storyboard */,
				864B15C426020DC60017E6C9 /* Info.plist */,
			);
			path = ToDoList;
			sourceTree = "<group>";
		};
		866242842636E72400BF44B5 /* Settings */ = {
			isa = PBXGroup;
			children = (
				866242812636D2B800BF44B5 /* Constants.swift */,
				866242B026381BFC00BF44B5 /* TextStyle.swift */,
			);
			path = Settings;
			sourceTree = "<group>";
		};
		866705F72609F7860044F8AA /* Models */ = {
			isa = PBXGroup;
			children = (
				866705F42609F6BE0044F8AA /* DataModel.swift */,
			);
			path = Models;
			sourceTree = "<group>";
		};
		86B705802602430300008C23 /* TaskList */ = {
			isa = PBXGroup;
			children = (
				8672133226385D5100353B86 /* TaskListModel.swift */,
				864B15BA26020DC30017E6C9 /* TaskListViewController.swift */,
				86B705A92603A21200008C23 /* TaskPopupViewController.swift */,
				86B705882602466900008C23 /* Cell */,
			);
			path = TaskList;
			sourceTree = "<group>";
		};
		86B705882602466900008C23 /* Cell */ = {
			isa = PBXGroup;
			children = (
				86B705832602465F00008C23 /* TaskTableViewCell.swift */,
				86B705842602465F00008C23 /* TaskTableViewCell.xib */,
			);
			path = Cell;
			sourceTree = "<group>";
		};
		86B7058F26036C2200008C23 /* Extension */ = {
			isa = PBXGroup;
			children = (
				86B7058C26036BEE00008C23 /* UIView+Extension.swift */,
				866705EE2608C3100044F8AA /* UIImage+Extension.swift */,
				86030C50260DE3F800F3CB1E /* UserDefaults+Extension.swift */,
				861789D92614D9090082B084 /* UIColor+Extension.swift */,
				866242862636EC2700BF44B5 /* UISwipeActionsConfiguration+Extension.swift */,
				866242A22637075F00BF44B5 /* ClassNameExtension.swift */,
				866242A52637081A00BF44B5 /* UITableView+Extension.swift */,
				866242AA26381A2D00BF44B5 /* NSStringAttributes+Extension.swift */,
				866242AD26381A5000BF44B5 /* String+Extension.swift */,
				8672132F26384CF800353B86 /* UITextView+Extension.swift */,
			);
			path = Extension;
			sourceTree = "<group>";
		};
		B79EB9528F55D649D89C3D50 /* Frameworks */ = {
			isa = PBXGroup;
			children = (
				A2C64161B9653AC056B5C464 /* Pods_ToDoList.framework */,
			);
			name = Frameworks;
			sourceTree = "<group>";
		};
		C0C1B147489E694833DE36C4 /* Pods */ = {
			isa = PBXGroup;
			children = (
				21D9CD817E822D3F038C20B2 /* Pods-ToDoList.debug.xcconfig */,
				6F3AD507BBEBB6DB1E97ED44 /* Pods-ToDoList.release.xcconfig */,
			);
			path = Pods;
			sourceTree = "<group>";
		};
/* End PBXGroup section */

/* Begin PBXNativeTarget section */
		864B15B226020DC30017E6C9 /* ToDoList */ = {
			isa = PBXNativeTarget;
			buildConfigurationList = 864B15C726020DC60017E6C9 /* Build configuration list for PBXNativeTarget "ToDoList" */;
			buildPhases = (
				69B22CA17F41F4B5E815D999 /* [CP] Check Pods Manifest.lock */,
				864B15AF26020DC30017E6C9 /* Sources */,
				864B15B026020DC30017E6C9 /* Frameworks */,
				864B15B126020DC30017E6C9 /* Resources */,
				260F7053116CC46DAAD76883 /* [CP] Embed Pods Frameworks */,
			);
			buildRules = (
			);
			dependencies = (
			);
			name = ToDoList;
			productName = ToDoList;
			productReference = 864B15B326020DC30017E6C9 /* ToDoList.app */;
			productType = "com.apple.product-type.application";
		};
/* End PBXNativeTarget section */

/* Begin PBXProject section */
		864B15AB26020DC30017E6C9 /* Project object */ = {
			isa = PBXProject;
			attributes = {
				LastSwiftUpdateCheck = 1240;
				LastUpgradeCheck = 1240;
				TargetAttributes = {
					864B15B226020DC30017E6C9 = {
						CreatedOnToolsVersion = 12.4;
					};
				};
			};
			buildConfigurationList = 864B15AE26020DC30017E6C9 /* Build configuration list for PBXProject "ToDoList" */;
			compatibilityVersion = "Xcode 9.3";
			developmentRegion = en;
			hasScannedForEncodings = 0;
			knownRegions = (
				en,
				Base,
			);
			mainGroup = 864B15AA26020DC30017E6C9;
			productRefGroup = 864B15B426020DC30017E6C9 /* Products */;
			projectDirPath = "";
			projectRoot = "";
			targets = (
				864B15B226020DC30017E6C9 /* ToDoList */,
			);
		};
/* End PBXProject section */

/* Begin PBXResourcesBuildPhase section */
		864B15B126020DC30017E6C9 /* Resources */ = {
			isa = PBXResourcesBuildPhase;
			buildActionMask = 2147483647;
			files = (
				86030C22260CAA1B00F3CB1E /* SectionTableViewCell.xib in Resources */,
				86B705862602465F00008C23 /* TaskTableViewCell.xib in Resources */,
				864B15C326020DC60017E6C9 /* LaunchScreen.storyboard in Resources */,
				864B15C026020DC60017E6C9 /* Assets.xcassets in Resources */,
				861789FE2615E4FC0082B084 /* ColorCollectionViewCell.xib in Resources */,
				864B15BE26020DC30017E6C9 /* Main.storyboard in Resources */,
			);
			runOnlyForDeploymentPostprocessing = 0;
		};
/* End PBXResourcesBuildPhase section */

/* Begin PBXShellScriptBuildPhase section */
		260F7053116CC46DAAD76883 /* [CP] Embed Pods Frameworks */ = {
			isa = PBXShellScriptBuildPhase;
			buildActionMask = 2147483647;
			files = (
			);
			inputFileListPaths = (
				"${PODS_ROOT}/Target Support Files/Pods-ToDoList/Pods-ToDoList-frameworks-${CONFIGURATION}-input-files.xcfilelist",
			);
			name = "[CP] Embed Pods Frameworks";
			outputFileListPaths = (
				"${PODS_ROOT}/Target Support Files/Pods-ToDoList/Pods-ToDoList-frameworks-${CONFIGURATION}-output-files.xcfilelist",
			);
			runOnlyForDeploymentPostprocessing = 0;
			shellPath = /bin/sh;
			shellScript = "\"${PODS_ROOT}/Target Support Files/Pods-ToDoList/Pods-ToDoList-frameworks.sh\"\n";
			showEnvVarsInLog = 0;
		};
		69B22CA17F41F4B5E815D999 /* [CP] Check Pods Manifest.lock */ = {
			isa = PBXShellScriptBuildPhase;
			buildActionMask = 2147483647;
			files = (
			);
			inputFileListPaths = (
			);
			inputPaths = (
				"${PODS_PODFILE_DIR_PATH}/Podfile.lock",
				"${PODS_ROOT}/Manifest.lock",
			);
			name = "[CP] Check Pods Manifest.lock";
			outputFileListPaths = (
			);
			outputPaths = (
				"$(DERIVED_FILE_DIR)/Pods-ToDoList-checkManifestLockResult.txt",
			);
			runOnlyForDeploymentPostprocessing = 0;
			shellPath = /bin/sh;
			shellScript = "diff \"${PODS_PODFILE_DIR_PATH}/Podfile.lock\" \"${PODS_ROOT}/Manifest.lock\" > /dev/null\nif [ $? != 0 ] ; then\n    # print error to STDERR\n    echo \"error: The sandbox is not in sync with the Podfile.lock. Run 'pod install' or update your CocoaPods installation.\" >&2\n    exit 1\nfi\n# This output is used by Xcode 'outputs' to avoid re-running this script phase.\necho \"SUCCESS\" > \"${SCRIPT_OUTPUT_FILE_0}\"\n";
			showEnvVarsInLog = 0;
		};
/* End PBXShellScriptBuildPhase section */

/* Begin PBXSourcesBuildPhase section */
		864B15AF26020DC30017E6C9 /* Sources */ = {
			isa = PBXSourcesBuildPhase;
			buildActionMask = 2147483647;
			files = (
				866242B126381BFC00BF44B5 /* TextStyle.swift in Sources */,
				861789FD2615E4FC0082B084 /* ColorCollectionViewCell.swift in Sources */,
				866705FB260A11430044F8AA /* RadioButton.swift in Sources */,
				866242A62637081A00BF44B5 /* UITableView+Extension.swift in Sources */,
				86B705852602465F00008C23 /* TaskTableViewCell.swift in Sources */,
				866705EF2608C3100044F8AA /* UIImage+Extension.swift in Sources */,
				864B15BB26020DC30017E6C9 /* TaskListViewController.swift in Sources */,
				86B705AA2603A21200008C23 /* TaskPopupViewController.swift in Sources */,
				8672133026384CF800353B86 /* UITextView+Extension.swift in Sources */,
				866242872636EC2700BF44B5 /* UISwipeActionsConfiguration+Extension.swift in Sources */,
				8672133326385D5100353B86 /* TaskListModel.swift in Sources */,
				866242AB26381A2D00BF44B5 /* NSStringAttributes+Extension.swift in Sources */,
				86030C51260DE3F800F3CB1E /* UserDefaults+Extension.swift in Sources */,
				86030C1B260CA98C00F3CB1E /* SectionListViewController.swift in Sources */,
				861789DA2614D9090082B084 /* UIColor+Extension.swift in Sources */,
				866242AE26381A5000BF44B5 /* String+Extension.swift in Sources */,
				864B15B726020DC30017E6C9 /* AppDelegate.swift in Sources */,
				866242A32637075F00BF44B5 /* ClassNameExtension.swift in Sources */,
				86030C03260C9C2F00F3CB1E /* DatabaseService.swift in Sources */,
				86030C2A260D257100F3CB1E /* CreatingSectionViewController.swift in Sources */,
				86B7058D26036BEE00008C23 /* UIView+Extension.swift in Sources */,
				86030C21260CAA1B00F3CB1E /* SectionTableViewCell.swift in Sources */,
				866705F52609F6BE0044F8AA /* DataModel.swift in Sources */,
				86030C27260CF6DD00F3CB1E /* SectionListModel.swift in Sources */,
				864B15B926020DC30017E6C9 /* SceneDelegate.swift in Sources */,
				866242822636D2B800BF44B5 /* Constants.swift in Sources */,
			);
			runOnlyForDeploymentPostprocessing = 0;
		};
/* End PBXSourcesBuildPhase section */

/* Begin PBXVariantGroup section */
		864B15BC26020DC30017E6C9 /* Main.storyboard */ = {
			isa = PBXVariantGroup;
			children = (
				864B15BD26020DC30017E6C9 /* Base */,
			);
			name = Main.storyboard;
			sourceTree = "<group>";
		};
		864B15C126020DC60017E6C9 /* LaunchScreen.storyboard */ = {
			isa = PBXVariantGroup;
			children = (
				864B15C226020DC60017E6C9 /* Base */,
			);
			name = LaunchScreen.storyboard;
			sourceTree = "<group>";
		};
/* End PBXVariantGroup section */

/* Begin XCBuildConfiguration section */
		864B15C526020DC60017E6C9 /* Debug */ = {
			isa = XCBuildConfiguration;
			buildSettings = {
				ALWAYS_SEARCH_USER_PATHS = NO;
				CLANG_ANALYZER_NONNULL = YES;
				CLANG_ANALYZER_NUMBER_OBJECT_CONVERSION = YES_AGGRESSIVE;
				CLANG_CXX_LANGUAGE_STANDARD = "gnu++14";
				CLANG_CXX_LIBRARY = "libc++";
				CLANG_ENABLE_MODULES = YES;
				CLANG_ENABLE_OBJC_ARC = YES;
				CLANG_ENABLE_OBJC_WEAK = YES;
				CLANG_WARN_BLOCK_CAPTURE_AUTORELEASING = YES;
				CLANG_WARN_BOOL_CONVERSION = YES;
				CLANG_WARN_COMMA = YES;
				CLANG_WARN_CONSTANT_CONVERSION = YES;
				CLANG_WARN_DEPRECATED_OBJC_IMPLEMENTATIONS = YES;
				CLANG_WARN_DIRECT_OBJC_ISA_USAGE = YES_ERROR;
				CLANG_WARN_DOCUMENTATION_COMMENTS = YES;
				CLANG_WARN_EMPTY_BODY = YES;
				CLANG_WARN_ENUM_CONVERSION = YES;
				CLANG_WARN_INFINITE_RECURSION = YES;
				CLANG_WARN_INT_CONVERSION = YES;
				CLANG_WARN_NON_LITERAL_NULL_CONVERSION = YES;
				CLANG_WARN_OBJC_IMPLICIT_RETAIN_SELF = YES;
				CLANG_WARN_OBJC_LITERAL_CONVERSION = YES;
				CLANG_WARN_OBJC_ROOT_CLASS = YES_ERROR;
				CLANG_WARN_QUOTED_INCLUDE_IN_FRAMEWORK_HEADER = YES;
				CLANG_WARN_RANGE_LOOP_ANALYSIS = YES;
				CLANG_WARN_STRICT_PROTOTYPES = YES;
				CLANG_WARN_SUSPICIOUS_MOVE = YES;
				CLANG_WARN_UNGUARDED_AVAILABILITY = YES_AGGRESSIVE;
				CLANG_WARN_UNREACHABLE_CODE = YES;
				CLANG_WARN__DUPLICATE_METHOD_MATCH = YES;
				COPY_PHASE_STRIP = NO;
				DEBUG_INFORMATION_FORMAT = dwarf;
				ENABLE_STRICT_OBJC_MSGSEND = YES;
				ENABLE_TESTABILITY = YES;
				GCC_C_LANGUAGE_STANDARD = gnu11;
				GCC_DYNAMIC_NO_PIC = NO;
				GCC_NO_COMMON_BLOCKS = YES;
				GCC_OPTIMIZATION_LEVEL = 0;
				GCC_PREPROCESSOR_DEFINITIONS = (
					"DEBUG=1",
					"$(inherited)",
				);
				GCC_WARN_64_TO_32_BIT_CONVERSION = YES;
				GCC_WARN_ABOUT_RETURN_TYPE = YES_ERROR;
				GCC_WARN_UNDECLARED_SELECTOR = YES;
				GCC_WARN_UNINITIALIZED_AUTOS = YES_AGGRESSIVE;
				GCC_WARN_UNUSED_FUNCTION = YES;
				GCC_WARN_UNUSED_VARIABLE = YES;
				IPHONEOS_DEPLOYMENT_TARGET = 14.4;
				MTL_ENABLE_DEBUG_INFO = INCLUDE_SOURCE;
				MTL_FAST_MATH = YES;
				ONLY_ACTIVE_ARCH = YES;
				SDKROOT = iphoneos;
				SWIFT_ACTIVE_COMPILATION_CONDITIONS = DEBUG;
				SWIFT_OPTIMIZATION_LEVEL = "-Onone";
				SWIFT_VERSION = 5.0;
			};
			name = Debug;
		};
		864B15C626020DC60017E6C9 /* Release */ = {
			isa = XCBuildConfiguration;
			buildSettings = {
				ALWAYS_SEARCH_USER_PATHS = NO;
				CLANG_ANALYZER_NONNULL = YES;
				CLANG_ANALYZER_NUMBER_OBJECT_CONVERSION = YES_AGGRESSIVE;
				CLANG_CXX_LANGUAGE_STANDARD = "gnu++14";
				CLANG_CXX_LIBRARY = "libc++";
				CLANG_ENABLE_MODULES = YES;
				CLANG_ENABLE_OBJC_ARC = YES;
				CLANG_ENABLE_OBJC_WEAK = YES;
				CLANG_WARN_BLOCK_CAPTURE_AUTORELEASING = YES;
				CLANG_WARN_BOOL_CONVERSION = YES;
				CLANG_WARN_COMMA = YES;
				CLANG_WARN_CONSTANT_CONVERSION = YES;
				CLANG_WARN_DEPRECATED_OBJC_IMPLEMENTATIONS = YES;
				CLANG_WARN_DIRECT_OBJC_ISA_USAGE = YES_ERROR;
				CLANG_WARN_DOCUMENTATION_COMMENTS = YES;
				CLANG_WARN_EMPTY_BODY = YES;
				CLANG_WARN_ENUM_CONVERSION = YES;
				CLANG_WARN_INFINITE_RECURSION = YES;
				CLANG_WARN_INT_CONVERSION = YES;
				CLANG_WARN_NON_LITERAL_NULL_CONVERSION = YES;
				CLANG_WARN_OBJC_IMPLICIT_RETAIN_SELF = YES;
				CLANG_WARN_OBJC_LITERAL_CONVERSION = YES;
				CLANG_WARN_OBJC_ROOT_CLASS = YES_ERROR;
				CLANG_WARN_QUOTED_INCLUDE_IN_FRAMEWORK_HEADER = YES;
				CLANG_WARN_RANGE_LOOP_ANALYSIS = YES;
				CLANG_WARN_STRICT_PROTOTYPES = YES;
				CLANG_WARN_SUSPICIOUS_MOVE = YES;
				CLANG_WARN_UNGUARDED_AVAILABILITY = YES_AGGRESSIVE;
				CLANG_WARN_UNREACHABLE_CODE = YES;
				CLANG_WARN__DUPLICATE_METHOD_MATCH = YES;
				COPY_PHASE_STRIP = NO;
				DEBUG_INFORMATION_FORMAT = "dwarf-with-dsym";
				ENABLE_NS_ASSERTIONS = NO;
				ENABLE_STRICT_OBJC_MSGSEND = YES;
				GCC_C_LANGUAGE_STANDARD = gnu11;
				GCC_NO_COMMON_BLOCKS = YES;
				GCC_WARN_64_TO_32_BIT_CONVERSION = YES;
				GCC_WARN_ABOUT_RETURN_TYPE = YES_ERROR;
				GCC_WARN_UNDECLARED_SELECTOR = YES;
				GCC_WARN_UNINITIALIZED_AUTOS = YES_AGGRESSIVE;
				GCC_WARN_UNUSED_FUNCTION = YES;
				GCC_WARN_UNUSED_VARIABLE = YES;
				IPHONEOS_DEPLOYMENT_TARGET = 14.4;
				MTL_ENABLE_DEBUG_INFO = NO;
				MTL_FAST_MATH = YES;
				SDKROOT = iphoneos;
				SWIFT_COMPILATION_MODE = wholemodule;
				SWIFT_OPTIMIZATION_LEVEL = "-O";
				SWIFT_VERSION = 5.0;
				VALIDATE_PRODUCT = YES;
			};
			name = Release;
		};
		864B15C826020DC60017E6C9 /* Debug */ = {
			isa = XCBuildConfiguration;
			baseConfigurationReference = 21D9CD817E822D3F038C20B2 /* Pods-ToDoList.debug.xcconfig */;
			buildSettings = {
				ASSETCATALOG_COMPILER_APPICON_NAME = AppIcon;
				ASSETCATALOG_COMPILER_GLOBAL_ACCENT_COLOR_NAME = AccentColor;
				CODE_SIGN_STYLE = Automatic;
				DEVELOPMENT_TEAM = SA46VNKRBQ;
				INFOPLIST_FILE = ToDoList/Info.plist;
				IPHONEOS_DEPLOYMENT_TARGET = 14.5;
				LD_RUNPATH_SEARCH_PATHS = (
					"$(inherited)",
					"@executable_path/Frameworks",
				);
				PRODUCT_BUNDLE_IDENTIFIER = com.Anastasia.ToDoList;
				PRODUCT_NAME = "$(TARGET_NAME)";
				SWIFT_VERSION = 5.0;
				TARGETED_DEVICE_FAMILY = 1;
			};
			name = Debug;
		};
		864B15C926020DC60017E6C9 /* Release */ = {
			isa = XCBuildConfiguration;
			baseConfigurationReference = 6F3AD507BBEBB6DB1E97ED44 /* Pods-ToDoList.release.xcconfig */;
			buildSettings = {
				ASSETCATALOG_COMPILER_APPICON_NAME = AppIcon;
				ASSETCATALOG_COMPILER_GLOBAL_ACCENT_COLOR_NAME = AccentColor;
				CODE_SIGN_STYLE = Automatic;
				DEVELOPMENT_TEAM = SA46VNKRBQ;
				INFOPLIST_FILE = ToDoList/Info.plist;
				IPHONEOS_DEPLOYMENT_TARGET = 14.5;
				LD_RUNPATH_SEARCH_PATHS = (
					"$(inherited)",
					"@executable_path/Frameworks",
				);
				PRODUCT_BUNDLE_IDENTIFIER = com.Anastasia.ToDoList;
				PRODUCT_NAME = "$(TARGET_NAME)";
				SWIFT_VERSION = 5.0;
				TARGETED_DEVICE_FAMILY = 1;
			};
			name = Release;
		};
/* End XCBuildConfiguration section */

/* Begin XCConfigurationList section */
		864B15AE26020DC30017E6C9 /* Build configuration list for PBXProject "ToDoList" */ = {
			isa = XCConfigurationList;
			buildConfigurations = (
				864B15C526020DC60017E6C9 /* Debug */,
				864B15C626020DC60017E6C9 /* Release */,
			);
			defaultConfigurationIsVisible = 0;
			defaultConfigurationName = Release;
		};
		864B15C726020DC60017E6C9 /* Build configuration list for PBXNativeTarget "ToDoList" */ = {
			isa = XCConfigurationList;
			buildConfigurations = (
				864B15C826020DC60017E6C9 /* Debug */,
				864B15C926020DC60017E6C9 /* Release */,
			);
			defaultConfigurationIsVisible = 0;
			defaultConfigurationName = Release;
		};
/* End XCConfigurationList section */
	};
	rootObject = 864B15AB26020DC30017E6C9 /* Project object */;
}
